
Microsoft Visual Studio Solution File, Format Version 12.00
# Visual Studio Version 16
VisualStudioVersion = 16.0.32510.428
MinimumVisualStudioVersion = 10.0.40219.1
Project("{FAE04EC0-301F-11D3-BF4B-00C04F79EFBC}") = "prjdemo", "prjdemo\prjdemo.csproj", "{F95C0361-33EA-43B5-9E19-65374AF593BE}"
EndProject
Global
	GlobalSection(SolutionConfigurationPlatforms) = preSolution
		Debug|Any CPU = Debug|Any CPU
		Release|Any CPU = Release|Any CPU
	EndGlobalSection
	GlobalSection(ProjectConfigurationPlatforms) = postSolution
		{F95C0361-33EA-43B5-9E19-65374AF593BE}.Debug|Any CPU.ActiveCfg = Debug|Any CPU
		{F95C0361-33EA-43B5-9E19-65374AF593BE}.Debug|Any CPU.Build.0 = Debug|Any CPU
		{F95C0361-33EA-43B5-9E19-65374AF593BE}.Release|Any CPU.ActiveCfg = Release|Any CPU
		{F95C0361-33EA-43B5-9E19-65374AF593BE}.Release|Any CPU.Build.0 = Release|Any CPU
	EndGlobalSection
	GlobalSection(SolutionProperties) = preSolution
		HideSolutionNode = FALSE
	EndGlobalSection
	GlobalSection(ExtensibilityGlobals) = postSolution
		SolutionGuid = {CE2BABB8-9FDF-44B8-850A-86E1F175FCBA}
	EndGlobalSection
EndGlobal
